hash: 06f70d027567c332e00501bb2ee394bba8db4c1d40404b4c6196feea12967c85
updated: 2017-11-28T15:03:33.460884+08:00
imports:
- name: github.com/ethereum/go-ethereum
  version: 4bb3c89d44e372e6a9ab85a8be0c9345265c763a
  subpackages:
  - common
  - common/hexutil
  - core
  - crypto/sha3
- name: github.com/golang/snappy
  version: 553a641470496b2327abcac10b36396bd98e45c9
- name: github.com/gorilla/mux
  version: 7f08801859139f86dfafd1c296e2cba9a80d292e
- name: github.com/pkg/errors
  version: 645ef00459ed84a119197bfb8d8205042c6df63d
- name: github.com/sirupsen/logrus
  version: f006c2ac4710855cf0f916dd6b77acf6b048dc6e
- name: github.com/stretchr/testify
  version: 69483b4bd14f5845b5a1e55bca19e954e827f1d0
- name: github.com/syndtr/goleveldb
  version: 8c81ea47d4c41a385645e133e15510fc6a2a74b4
  subpackages:
  - leveldb
  - leveldb/cache
  - leveldb/comparer
  - leveldb/errors
  - leveldb/filter
  - leveldb/iterator
  - leveldb/journal
  - leveldb/memdb
  - leveldb/opt
  - leveldb/storage
  - leveldb/table
  - leveldb/util
- name: golang.org/x/crypto
  version: 3627ff35f31987174dbee61d9d1dcc1c643e7174
  subpackages:
  - ssh/terminal
- name: golang.org/x/sys
  version: 4b45465282a4624cf39876842a017334f13b8aff
  subpackages:
  - unix
- name: gopkg.in/urfave/cli.v1
  version: cfb38830724cc34fedffe9a2a29fb54fa9169cd1
testImports: []
