github.com/OneOfOne/xxhash v1.2.2 h1:KMrpdQIwFcEqXDklaen+P1axHaj9BSKzvpUUfnHldSE=
github.com/OneOfOne/xxhash v1.2.2/go.mod h1:HSdplMjZKSmBqAxg5vPj2TmRDmfkzw+cTzAElWljhcU=
github.com/PuerkitoBio/goquery v1.5.1/go.mod h1:GsLWisAFVj4WgDibEWF4pvYnkVQBpKBKeU+7zCJoLcc=
github.com/andybalholm/cascadia v1.1.0/go.mod h1:GsXiBklL0woXo1j/WYWtSYYC4ouU9PqHO0sqidkEA4Y=
github.com/aristanetworks/goarista v0.0.0-20180222005525-c41ed3986faa h1:yCVE1EVBfyjHQn7TAfnD1Q4MMHGW/jdZjVJsXQeuRQw=
github.com/aristanetworks/goarista v0.0.0-20180222005525-c41ed3986faa/go.mod h1:D/tb0zPVXnP7fmsLZjtdUhSsumbK/ij54UXjjVgMGxQ=
github.com/beevik/ntp v0.2.0 h1:sGsd+kAXzT0bfVfzJfce04g+dSRfrs+tbQW8lweuYgw=
github.com/beevik/ntp v0.2.0/go.mod h1:hIHWr+l3+/clUnF44zdK+CWW7fO8dR5cIylAQ76NRpg=
github.com/btcsuite/btcd v0.0.0-20171128150713-2e60448ffcc6 h1:Eey/GGQ/E5Xp1P2Lyx1qj007hLZfbi0+CoVeJruGCtI=
github.com/btcsuite/btcd v0.0.0-20171128150713-2e60448ffcc6/go.mod h1:Dmm/EzmjnCiweXmzRIAiUWCInVmPgjkzgv5k4tVyXiQ=
github.com/cespare/cp v1.1.1 h1:nCb6ZLdB7NRaqsm91JtQTAme2SKJzXVsdPIPkyJr1MU=
github.com/cespare/cp v1.1.1/go.mod h1:SOGHArjBr4JWaSDEVpWpo/hNg6RoKrls6Oh40hiwW+s=
github.com/cespare/xxhash v1.1.0 h1:a6HrQnmkObjyL+Gs60czilIUGqrzKutQD6XZog3p+ko=
github.com/cespare/xxhash v1.1.0/go.mod h1:XrSqR1VqqWfGrhpAt58auRo0WTKS1nRRg3ghfAqPWnc=
github.com/coocood/freecache v1.1.1-0.20191203093230-cf06d5fa0ac1 h1:qQNgRyCSCPXR3VGvalC+NN3Y/9D37y8d3K43O3MXjkI=
github.com/coocood/freecache v1.1.1-0.20191203093230-cf06d5fa0ac1/go.mod h1:ePwxCDzOYvARfHdr1pByNct1at3CoKnsipOHwKlNbzI=
github.com/davecgh/go-spew v1.1.0 h1:ZDRjVQ15GmhC3fiQ8ni8+OwkZQO4DARzQgrnXU1Liz8=
github.com/davecgh/go-spew v1.1.0/go.mod h1:J7Y8YcW2NihsgmVo/mv3lAwl/skON4iLHjSsI+c5H38=
github.com/deckarep/golang-set v1.7.1 h1:SCQV0S6gTtp6itiFrTqI+pfmJ4LN85S1YzhDf9rTHJQ=
github.com/deckarep/golang-set v1.7.1/go.mod h1:93vsz/8Wt4joVM7c2AVqh+YRMiUSc14yDtF28KmMOgQ=
github.com/elastic/gosigar v0.10.5 h1:GzPQ+78RaAb4J63unidA/JavQRKrB6s8IOzN6Ib59jo=
github.com/elastic/gosigar v0.10.5/go.mod h1:cdorVVzy1fhmEqmtgqkoE3bYtCfSCkVyjTyCIo22xvs=
github.com/elazarl/go-bindata-assetfs v1.0.0 h1:G/bYguwHIzWq9ZoyUQqrjTmJbbYn3j3CKKpKinvZLFk=
github.com/elazarl/go-bindata-assetfs v1.0.0/go.mod h1:v+YaWX3bdea5J/mo8dSETolEo7R71Vk1u8bnjau5yw4=
github.com/ethereum/go-ethereum v1.8.14 h1:q+r1V2aNLAlE3+5FsRM5d2hQF4Wc7h7PfhSeSoq6zUo=
github.com/ethereum/go-ethereum v1.8.14/go.mod h1:PwpWDrCLZrV+tfrhqqF6kPknbISMHaJv9Ln3kPCZLwY=
github.com/fatih/color v1.7.0 h1:DkWD4oS2D8LGGgTQ6IvwJJXSL5Vp2ffcQg58nFV38Ys=
github.com/fatih/color v1.7.0/go.mod h1:Zm6kSWBoL9eyXnKyktHP6abPY2pDugNf5KwzbycvMj4=
github.com/felixge/httpsnoop v1.0.1 h1:lvB5Jl89CsZtGIWuTcDM1E/vkVs49/Ml7JJe07l8SPQ=
github.com/felixge/httpsnoop v1.0.1/go.mod h1:m8KPJKqk1gH5J9DgRY2ASl2lWCfGKXixSwevea8zH2U=
github.com/fsnotify/fsnotify v1.4.7/go.mod h1:jwhsz4b93w/PPRr/qN1Yymfu8t87LnFCMoQvtojpjFo=
github.com/fsnotify/fsnotify v1.4.9 h1:hsms1Qyu0jgnwNXIxa+/V/PDsU6CfLf6CNO8H7IWoS4=
github.com/fsnotify/fsnotify v1.4.9/go.mod h1:znqG4EE+3YCdAaPaxE2ZRY/06pZUdp0tY4IgpuI1SZQ=
github.com/go-stack/stack v1.7.0 h1:S04+lLfST9FvL8dl4R31wVUC/paZp/WQZbLmUgWboGw=
github.com/go-stack/stack v1.7.0/go.mod h1:v0f6uXyyMGvRgIKkXu+yp6POWl0qKG85gN/melR3HDY=
github.com/golang/protobuf v1.2.0/go.mod h1:6lQm79b+lXiMfvg/cZm0SGofjICqVBUtrP5yJMmIC1U=
github.com/golang/protobuf v1.4.0-rc.1/go.mod h1:ceaxUfeHdC40wWswd/P6IGgMaK3YpKi5j83Wpe3EHw8=
github.com/golang/protobuf v1.4.0-rc.1.0.20200221234624-67d41d38c208/go.mod h1:xKAWHe0F5eneWXFV3EuXVDTCmh+JuBKY0li0aMyXATA=
github.com/golang/protobuf v1.4.0-rc.2/go.mod h1:LlEzMj4AhA7rCAGe4KMBDvJI+AwstrUpVNzEA03Pprs=
github.com/golang/protobuf v1.4.0-rc.4.0.20200313231945-b860323f09d0/go.mod h1:WU3c8KckQ9AFe+yFwt9sWVRKCVIyN9cPHBJSNnbL67w=
github.com/golang/protobuf v1.4.0/go.mod h1:jodUvKwWbYaEsadDk5Fwe5c77LiNKVO9IDvqG2KuDX0=
github.com/golang/protobuf v1.4.2 h1:+Z5KGCizgyZCbGh1KZqA0fcLLkwbsjIzS4aV2v7wJX0=
github.com/golang/protobuf v1.4.2/go.mod h1:oDoupMAO8OvCJWAcko0GGGIgR6R6ocIYbsSw735rRwI=
github.com/golang/snappy v0.0.4 h1:yAGX7huGHXlcLOEtBnF4w7FQwA26wojNCwOYAEhLjQM=
github.com/golang/snappy v0.0.4/go.mod h1:/XxbfmMg8lxefKM7IXC3fBNl/7bRcc72aCRzEWrmP2Q=
github.com/google/go-cmp v0.3.0/go.mod h1:8QqcDgzrUqlUb/G2PQTWiueGozuR1884gddMywk6iLU=
github.com/google/go-cmp v0.3.1/go.mod h1:8QqcDgzrUqlUb/G2PQTWiueGozuR1884gddMywk6iLU=
github.com/google/go-cmp v0.4.0 h1:xsAVV57WRhGj6kEIi8ReJzQlHHqcBYCElAvkovg3B/4=
github.com/google/go-cmp v0.4.0/go.mod h1:v8dTdLbMG2kIc/vJvl+f65V22dbkXbowE6jgT/gNBxE=
github.com/gorilla/context v0.0.0-20160226214623-1ea25387ff6f h1:9oNbS1z4rVpbnkHBdPZU4jo9bSmrLpII768arSyMFgk=
github.com/gorilla/context v0.0.0-20160226214623-1ea25387ff6f/go.mod h1:kBGZzfjB9CEq2AlWe17Uuf7NDRt0dE0s8S51q0aT7Yg=
github.com/gorilla/handlers v1.5.1 h1:9lRY6j8DEeeBT10CvO9hGW0gmky0BprnvDI5vfhUHH4=
github.com/gorilla/handlers v1.5.1/go.mod h1:t8XrUpc4KVXb7HGyJ4/cEnwQiaxrX/hz1Zv/4g96P1Q=
github.com/gorilla/mux v1.6.0 h1:UykbtMB/w5No2LmE16gINgLj+r/vbziTgaoERQv6U+0=
github.com/gorilla/mux v1.6.0/go.mod h1:1lud6UwP+6orDFRuTfBEV8e9/aOM/c4fVVCaMa2zaAs=
github.com/gorilla/websocket v1.4.1 h1:q7AeDBpnBk8AogcD4DSag/Ukw/KV+YhzLj2bP5HvKCM=
github.com/gorilla/websocket v1.4.1/go.mod h1:YR8l580nyteQvAITg2hZ9XVh4b55+EU/adAjf1fMHhE=
github.com/hashicorp/golang-lru v0.0.0-20160813221303-0a025b7e63ad h1:eMxs9EL0PvIGS9TTtxg4R+JxuPGav82J8rA+GFnY7po=
github.com/hashicorp/golang-lru v0.0.0-20160813221303-0a025b7e63ad/go.mod h1:/m3WP610KZHVQ1SGc6re/UDhFvYD7pJ4Ao+sR/qLZy8=
github.com/hpcloud/tail v1.0.0/go.mod h1:ab1qPbhIpdTxEkNHXyeSf5vhxWSCs/tWer42PpOxQnU=
github.com/huin/goupnp v0.0.0-20171109214107-dceda08e705b h1:mvnS3LbcRgdM4nBLksEjecaLvASuBsg1mIJHc0l22iI=
github.com/huin/goupnp v0.0.0-20171109214107-dceda08e705b/go.mod h1:MZ2ZmwcBpvOoJ22IJsc7va19ZwoheaBk43rKg12SKag=
github.com/inconshreveable/log15 v0.0.0-20171019012758-0decfc6c20d9 h1:LmBUkXNSSmEV5hExb65hKje7sDuuDug3xsPAba7x5fw=
github.com/inconshreveable/log15 v0.0.0-20171019012758-0decfc6c20d9/go.mod h1:cOaXtrgN4ScfRrD9Bre7U1thNq5RtJ8ZoP4iXVGRj6o=
github.com/jackpal/go-nat-pmp v1.0.1 h1:i0LektDkO1QlrTm/cSuP+PyBCDnYvjPLGl4LdWEMiaA=
github.com/jackpal/go-nat-pmp v1.0.1/go.mod h1:QPH045xvCAeXUZOxsnwmrtiCoxIr9eob+4orBN1SBKc=
github.com/mattn/go-colorable v0.0.9 h1:UVL0vNpWh04HeJXV0KLcaT7r06gOH2l4OW6ddYRUIY4=
github.com/mattn/go-colorable v0.0.9/go.mod h1:9vuHe8Xs5qXnSaW/c/ABM9alt+Vo+STaOChaDxuIBZU=
github.com/mattn/go-isatty v0.0.3 h1:ns/ykhmWi7G9O+8a448SecJU3nSMBXJfqQkl0upE1jI=
github.com/mattn/go-isatty v0.0.3/go.mod h1:M+lRXTBqGeGNdLjl/ufCoiOlB5xdOkqRJdNxMWT7Zi4=
github.com/mattn/go-runewidth v0.0.4 h1:2BvfKmzob6Bmd4YsL0zygOqfdFnK7GR4QL06Do4/p7Y=
github.com/mattn/go-runewidth v0.0.4/go.mod h1:LwmH8dsx7+W8Uxz3IHJYH5QSwggIsqBzpuz5H//U1FU=
github.com/mattn/go-sqlite3 v1.14.1 h1:AHx9Ra40wIzl+GelgX2X6AWxmT5tfxhI1PL0523HcSw=
github.com/mattn/go-sqlite3 v1.14.1/go.mod h1:JIl7NbARA7phWnGvh0LKTyg7S9BA+6gx71ShQilpsus=
github.com/mattn/go-tty v0.0.0-20180219170247-931426f7535a h1:8TGB3DFRNl06DB1Q6zBX+I7FDoCUZY2fmMS9WGUIIpw=
github.com/mattn/go-tty v0.0.0-20180219170247-931426f7535a/go.mod h1:XPvLUNfbS4fJH25nqRHfWLMa1ONC8Amw+mIA639KxkE=
github.com/nxadm/tail v1.4.4 h1:DQuhQpB1tVlglWS2hLQ5OV6B5r8aGxSrPc5Qo6uTN78=
github.com/nxadm/tail v1.4.4/go.mod h1:kenIhsEOeOJmVchQTgglprH7qJGnHDVpk1VPCcaMI8A=
github.com/onsi/ginkgo v1.6.0/go.mod h1:lLunBs/Ym6LB5Z9jYTR76FiuTmxDTDusOGeTQH+WWjE=
github.com/onsi/ginkgo v1.12.1/go.mod h1:zj2OWP4+oCPe1qIXoGWkgMRwljMUYCdkwsT2108oapk=
github.com/onsi/ginkgo v1.14.0 h1:2mOpI4JVVPBN+WQRa0WKH2eXR+Ey+uK4n7Zj0aYpIQA=
github.com/onsi/ginkgo v1.14.0/go.mod h1:iSB4RoI2tjJc9BBv4NKIKWKya62Rps+oPG/Lv9klQyY=
github.com/onsi/gomega v1.7.1/go.mod h1:XdKZgCCFLUoM/7CFJVPcG8C1xQ1AJ0vpAezJrB7JYyY=
github.com/onsi/gomega v1.10.1 h1:o0+MgICZLuZ7xjH7Vx6zS/zcu93/BEp1VwkIW1mEXCE=
github.com/onsi/gomega v1.10.1/go.mod h1:iN09h71vgCQne3DLsj+A5owkum+a2tYe+TOCB1ybHNo=
github.com/pborman/uuid v0.0.0-20170612153648-e790cca94e6c h1:MUyE44mTvnI5A0xrxIxaMqoWFzPfQvtE2IWUollMDMs=
github.com/pborman/uuid v0.0.0-20170612153648-e790cca94e6c/go.mod h1:VyrYX9gd7irzKovcSS6BIIEwPRkP2Wm2m9ufcdFSJ34=
github.com/pkg/errors v0.8.0 h1:WdK/asTD0HN+q6hsWO3/vpuAkAr+tw6aNJNDFFf0+qw=
github.com/pkg/errors v0.8.0/go.mod h1:bwawxfHBFNV+L2hUp1rHADufV3IMtnDRdf1r5NINEl0=
github.com/pmezard/go-difflib v1.0.0 h1:4DBwDE0NGyQoBHbLQYPwSUPoCMWR5BEzIk/f1lZbAQM=
github.com/pmezard/go-difflib v1.0.0/go.mod h1:iKH77koFhYxTK1pcRnkKkqfTogsbg7gZNVY4sRDYZ/4=
github.com/rjeczalik/notify v0.9.1 h1:CLCKso/QK1snAlnhNR/CNvNiFU2saUtjV0bx3EwNeCE=
github.com/rjeczalik/notify v0.9.1/go.mod h1:rKwnCoCGeuQnwBtTSPL9Dad03Vh2n40ePRrjvIXnJho=
github.com/spaolacci/murmur3 v0.0.0-20180118202830-f09979ecbc72 h1:qLC7fQah7D6K1B0ujays3HV9gkFtllcxhzImRR7ArPQ=
github.com/spaolacci/murmur3 v0.0.0-20180118202830-f09979ecbc72/go.mod h1:JwIasOWyU6f++ZhiEuf87xNszmSA2myDM2Kzu9HwQUA=
github.com/stretchr/testify v1.1.4 h1:ToftOQTytwshuOSj6bDSolVUa3GINfJP/fg3OkkOzQQ=
github.com/stretchr/testify v1.1.4/go.mod h1:a8OnRcib4nhh0OaRAV+Yts87kKdq0PP7pXfy6kDkUVs=
github.com/vechain/goleveldb v1.0.1-0.20210819030439-cc5203594725 h1:k9mWVJNvNaU0i6a8K61tYJTXPIuMR4oRE/QjXIR0hbc=
github.com/vechain/goleveldb v1.0.1-0.20210819030439-cc5203594725/go.mod h1:q4W45IWZaF22tdD+VEXcAWRA037jwmWEB5VWYORlTpc=
golang.org/x/crypto v0.0.0-20190308221718-c2843e01d9a2/go.mod h1:djNgcEr1/C05ACkg1iLfiJU5Ep61QUkGW8qpdssI0+w=
golang.org/x/crypto v0.0.0-20200622213623-75b288015ac9 h1:psW17arqaxU48Z5kZ0CQnkZWQJsqcURM6tKiBApRjXI=
golang.org/x/crypto v0.0.0-20200622213623-75b288015ac9/go.mod h1:LzIPMQfyMNhhGPhUkYOs5KpL4U8rLKemX1yGLhDgUto=
golang.org/x/net v0.0.0-20180218175443-cbe0f9307d01/go.mod h1:mL1N/T3taQHkDXs73rZJwtUhF3w3ftmwwsq0BUmARs4=
golang.org/x/net v0.0.0-20180906233101-161cd47e91fd/go.mod h1:mL1N/T3taQHkDXs73rZJwtUhF3w3ftmwwsq0BUmARs4=
golang.org/x/net v0.0.0-20190404232315-eb5bcb51f2a3/go.mod h1:t9HGtf8HONx5eT2rtn7q6eTqICYqUVnKs3thJo3Qplg=
golang.org/x/net v0.0.0-20200202094626-16171245cfb2/go.mod h1:z5CRVTTTmAJ677TzLLGU+0bjPO0LkuOLi4/5GtJWs/s=
golang.org/x/net v0.0.0-20200324143707-d3edc9973b7e/go.mod h1:qpuaurCH72eLCgpAm/N6yyVIVM9cpaDIP3A8BGJEC5A=
golang.org/x/net v0.0.0-20200520004742-59133d7f0dd7/go.mod h1:qpuaurCH72eLCgpAm/N6yyVIVM9cpaDIP3A8BGJEC5A=
golang.org/x/net v0.0.0-20200813134508-3edf25e44fcc h1:zK/HqS5bZxDptfPJNq8v7vJfXtkU7r9TLIoSr1bXaP4=
golang.org/x/net v0.0.0-20200813134508-3edf25e44fcc/go.mod h1:/O7V0waA8r7cgGh81Ro3o1hOxt32SMVPicZroKQ2sZA=
golang.org/x/sync v0.0.0-20180314180146-1d60e4601c6f/go.mod h1:RxMgew5VJxzue5/jJTE5uejpjVlOe/izrB70Jof72aM=
golang.org/x/sys v0.0.0-20180909124046-d0be0721c37e/go.mod h1:STP8DvDyc/dI5b8T5hshtkjS+E42TnysNCUPdjciGhY=
golang.org/x/sys v0.0.0-20190215142949-d0b11bdaac8a/go.mod h1:STP8DvDyc/dI5b8T5hshtkjS+E42TnysNCUPdjciGhY=
golang.org/x/sys v0.0.0-20190412213103-97732733099d/go.mod h1:h1NjWce9XRLGQEsW7wpKNCjG9DtNlClVuFLEZdDNbEs=
golang.org/x/sys v0.0.0-20190904154756-749cb33beabd/go.mod h1:h1NjWce9XRLGQEsW7wpKNCjG9DtNlClVuFLEZdDNbEs=
golang.org/x/sys v0.0.0-20191005200804-aed5e4c7ecf9/go.mod h1:h1NjWce9XRLGQEsW7wpKNCjG9DtNlClVuFLEZdDNbEs=
golang.org/x/sys v0.0.0-20191120155948-bd437916bb0e/go.mod h1:h1NjWce9XRLGQEsW7wpKNCjG9DtNlClVuFLEZdDNbEs=
golang.org/x/sys v0.0.0-20200323222414-85ca7c5b95cd/go.mod h1:h1NjWce9XRLGQEsW7wpKNCjG9DtNlClVuFLEZdDNbEs=
golang.org/x/sys v0.0.0-20200519105757-fe76b779f299/go.mod h1:h1NjWce9XRLGQEsW7wpKNCjG9DtNlClVuFLEZdDNbEs=
golang.org/x/sys v0.0.0-20200814200057-3d37ad5750ed h1:J22ig1FUekjjkmZUM7pTKixYm8DvrYsvrBZdunYeIuQ=
golang.org/x/sys v0.0.0-20200814200057-3d37ad5750ed/go.mod h1:h1NjWce9XRLGQEsW7wpKNCjG9DtNlClVuFLEZdDNbEs=
golang.org/x/text v0.3.0/go.mod h1:NqM8EUOU14njkJ3fqMW+pc6Ldnwhi/IjpwHt7yyuwOQ=
golang.org/x/text v0.3.2/go.mod h1:bEr9sfX3Q8Zfm5fL9x+3itogRgK3+ptLWKqgva+5dAk=
golang.org/x/text v0.3.3 h1:cokOdA+Jmi5PJGXLlLllQSgYigAEfHXJAERHVMaCc2k=
golang.org/x/text v0.3.3/go.mod h1:5Zoc/QRtKVWzQhOtBMvqHzDpF6irO9z98xDceosuGiQ=
golang.org/x/tools v0.0.0-20180917221912-90fa682c2a6e/go.mod h1:n7NCudcB/nEzxVGmLbDWY5pfWTLqBcC2KZ6jyYvM4mQ=
golang.org/x/xerrors v0.0.0-20191204190536-9bdfabe68543/go.mod h1:I/5z698sn9Ka8TeJc9MKroUUfqBBauWjQqLJ2OPfmY0=
golang.org/x/xerrors v0.0.0-20200804184101-5ec99f83aff1 h1:go1bK/D/BFZV2I8cIQd1NKEZ+0owSTG1fDTci4IqFcE=
golang.org/x/xerrors v0.0.0-20200804184101-5ec99f83aff1/go.mod h1:I/5z698sn9Ka8TeJc9MKroUUfqBBauWjQqLJ2OPfmY0=
google.golang.org/protobuf v0.0.0-20200109180630-ec00e32a8dfd/go.mod h1:DFci5gLYBciE7Vtevhsrf46CRTquxDuWsQurQQe4oz8=
google.golang.org/protobuf v0.0.0-20200221191635-4d8936d0db64/go.mod h1:kwYJMbMJ01Woi6D6+Kah6886xMZcty6N08ah7+eCXa0=
google.golang.org/protobuf v0.0.0-20200228230310-ab0ca4ff8a60/go.mod h1:cfTl7dwQJ+fmap5saPgwCLgHXTUD7jkjRqWcaiX5VyM=
google.golang.org/protobuf v1.20.1-0.20200309200217-e05f789c0967/go.mod h1:A+miEFZTKqfCUM6K7xSMQL9OKL/b6hQv+e19PK+JZNE=
google.golang.org/protobuf v1.21.0/go.mod h1:47Nbq4nVaFHyn7ilMalzfO3qCViNmqZ2kzikPIcrTAo=
google.golang.org/protobuf v1.23.0 h1:4MY060fB1DLGMB/7MBTLnwQUY6+F09GEiz6SsrNqyzM=
google.golang.org/protobuf v1.23.0/go.mod h1:EGpADcykh3NcUnDUJcl1+ZksZNG86OlYog2l/sGQquU=
gopkg.in/check.v1 v0.0.0-20161208181325-20d25e280405 h1:yhCVgyC4o1eVCa2tZl7eS0r+SDo693bJlVdllGtEeKM=
gopkg.in/check.v1 v0.0.0-20161208181325-20d25e280405/go.mod h1:Co6ibVJAznAaIkqp8huTwlJQCZ016jof/cbN4VW5Yz0=
gopkg.in/cheggaaa/pb.v1 v1.0.28 h1:n1tBJnnK2r7g9OW2btFH91V92STTUevLXYFb8gy9EMk=
gopkg.in/cheggaaa/pb.v1 v1.0.28/go.mod h1:V/YB90LKu/1FcN3WVnfiiE5oMCibMjukxqG/qStrOgw=
gopkg.in/fsnotify.v1 v1.4.7/go.mod h1:Tz8NjZHkW78fSQdbUxIjBTcgA1z1m8ZHf0WmKUhAMys=
gopkg.in/karalabe/cookiejar.v2 v2.0.0-20150724131613-8dcd6a7f4951 h1:DMTcQRFbEH62YPRWwOI647s2e5mHda3oBPMHfrLs2bw=
gopkg.in/karalabe/cookiejar.v2 v2.0.0-20150724131613-8dcd6a7f4951/go.mod h1:owOxCRGGeAx1uugABik6K9oeNu1cgxP/R9ItzLDxNWA=
gopkg.in/olebedev/go-duktape.v3 v3.0.0-20180723110524-d53328019b21 h1:NyQLQjOpRpN62CzAiLJefQhaVQitW9t07piS39RQcYE=
gopkg.in/olebedev/go-duktape.v3 v3.0.0-20180723110524-d53328019b21/go.mod h1:uAJfkITjFhyEEuUfm7bsmCZRbW5WRq8s9EY8HZ6hCns=
gopkg.in/tomb.v1 v1.0.0-20141024135613-dd632973f1e7 h1:uRGJdciOHaEIrze2W8Q3AKkepLTh2hOroT7a+7czfdQ=
gopkg.in/tomb.v1 v1.0.0-20141024135613-dd632973f1e7/go.mod h1:dt/ZhP58zS4L8KSrWDmTeBkI65Dw0HsyUHuEVlX15mw=
gopkg.in/urfave/cli.v1 v1.20.0 h1:NdAVW6RYxDif9DhDHaAortIu956m2c0v+09AZBPTbE0=
gopkg.in/urfave/cli.v1 v1.20.0/go.mod h1:vuBzUtMdQeixQj8LVd+/98pzhxNGQoyuPBlsXHOQNO0=
gopkg.in/yaml.v2 v2.2.4/go.mod h1:hI93XBmqTisBFMUTm0b8Fm+jr3Dg1NNxqwp+5A1VGuI=
gopkg.in/yaml.v2 v2.3.0 h1:clyUAQHOM3G0M3f5vQj7LuJrETvjVot3Z5el9nffUtU=
gopkg.in/yaml.v2 v2.3.0/go.mod h1:hI93XBmqTisBFMUTm0b8Fm+jr3Dg1NNxqwp+5A1VGuI=
